
Microsoft Visual Studio Solution File, Format Version 12.00
# Visual Studio Version 17
VisualStudioVersion = 17.2.32616.157
MinimumVisualStudioVersion = 10.0.40219.1
Project("{8BC9CEB8-8B4A-11D0-8D11-00A0C91BC942}") = "NimotsuKunSmoothMove", "NimotsuKunSmoothMove\NimotsuKunSmoothMove.vcxproj", "{97FF670A-28A9-4714-A589-8C9F14D3AEBA}"
EndProject
Project("{8BC9CEB8-8B4A-11D0-8D11-00A0C91BC942}") = "NimotsuKunConstantFrameRate", "NimotsuKunConstantFrameRate\NimotsuKunConstantFrameRate.vcxproj", "{925A1273-F822-410C-8C68-56A97C05843C}"
EndProject
Global
	GlobalSection(SolutionConfigurationPlatforms) = preSolution
		Debug|x64 = Debug|x64
		Debug|x86 = Debug|x86
		Release|x64 = Release|x64
		Release|x86 = Release|x86
	EndGlobalSection
	GlobalSection(ProjectConfigurationPlatforms) = postSolution
		{97FF670A-28A9-4714-A589-8C9F14D3AEBA}.Debug|x64.ActiveCfg = Debug|x64
		{97FF670A-28A9-4714-A589-8C9F14D3AEBA}.Debug|x64.Build.0 = Debug|x64
		{97FF670A-28A9-4714-A589-8C9F14D3AEBA}.Debug|x86.ActiveCfg = Debug|Win32
		{97FF670A-28A9-4714-A589-8C9F14D3AEBA}.Debug|x86.Build.0 = Debug|Win32
		{97FF670A-28A9-4714-A589-8C9F14D3AEBA}.Release|x64.ActiveCfg = Release|x64
		{97FF670A-28A9-4714-A589-8C9F14D3AEBA}.Release|x64.Build.0 = Release|x64
		{97FF670A-28A9-4714-A589-8C9F14D3AEBA}.Release|x86.ActiveCfg = Release|Win32
		{97FF670A-28A9-4714-A589-8C9F14D3AEBA}.Release|x86.Build.0 = Release|Win32
		{925A1273-F822-410C-8C68-56A97C05843C}.Debug|x64.ActiveCfg = Debug|x64
		{925A1273-F822-410C-8C68-56A97C05843C}.Debug|x64.Build.0 = Debug|x64
		{925A1273-F822-410C-8C68-56A97C05843C}.Debug|x86.ActiveCfg = Debug|Win32
		{925A1273-F822-410C-8C68-56A97C05843C}.Debug|x86.Build.0 = Debug|Win32
		{925A1273-F822-410C-8C68-56A97C05843C}.Release|x64.ActiveCfg = Release|x64
		{925A1273-F822-410C-8C68-56A97C05843C}.Release|x64.Build.0 = Release|x64
		{925A1273-F822-410C-8C68-56A97C05843C}.Release|x86.ActiveCfg = Release|Win32
		{925A1273-F822-410C-8C68-56A97C05843C}.Release|x86.Build.0 = Release|Win32
	EndGlobalSection
	GlobalSection(SolutionProperties) = preSolution
		HideSolutionNode = FALSE
	EndGlobalSection
	GlobalSection(ExtensibilityGlobals) = postSolution
		SolutionGuid = {886A4E42-39D8-4550-BC6F-4C99A5C25902}
	EndGlobalSection
EndGlobal
